// !$*UTF8*$!
{
	archiveVersion = 1;
	classes = {
	};
	objectVersion = 56;
	objects = {

/* Begin PBXBuildFile section */
		D351AD3A29ED4266009AE384 /* AppDelegate.swift in Sources */ = {isa = PBXBuildFile; fileRef = D351AD3929ED4266009AE384 /* AppDelegate.swift */; };
		D351AD3C29ED4266009AE384 /* SceneDelegate.swift in Sources */ = {isa = PBXBuildFile; fileRef = D351AD3B29ED4266009AE384 /* SceneDelegate.swift */; };
		D351AD4329ED4267009AE384 /* Assets.xcassets in Resources */ = {isa = PBXBuildFile; fileRef = D351AD4229ED4267009AE384 /* Assets.xcassets */; };
		D351AD4629ED4267009AE384 /* LaunchScreen.storyboard in Resources */ = {isa = PBXBuildFile; fileRef = D351AD4429ED4267009AE384 /* LaunchScreen.storyboard */; };
		D351AD5229ED4D58009AE384 /* Localizable.strings in Resources */ = {isa = PBXBuildFile; fileRef = D351AD5129ED4D58009AE384 /* Localizable.strings */; };
		D351AD5429ED4E17009AE384 /* R.generated.swift in Sources */ = {isa = PBXBuildFile; fileRef = D351AD5329ED4E17009AE384 /* R.generated.swift */; };
		D351AD5729ED4EAB009AE384 /* UsersViewController.swift in Sources */ = {isa = PBXBuildFile; fileRef = D351AD5629ED4EAB009AE384 /* UsersViewController.swift */; };
		D351AD5929ED4EBD009AE384 /* UsersUIView.swift in Sources */ = {isa = PBXBuildFile; fileRef = D351AD5829ED4EBD009AE384 /* UsersUIView.swift */; };
		D351AD5B29ED574D009AE384 /* APIManager.swift in Sources */ = {isa = PBXBuildFile; fileRef = D351AD5A29ED574D009AE384 /* APIManager.swift */; };
		D351AD5F29ED5997009AE384 /* CustomError.swift in Sources */ = {isa = PBXBuildFile; fileRef = D351AD5E29ED5997009AE384 /* CustomError.swift */; };
		D351AD6229ED5EC9009AE384 /* UsersService.swift in Sources */ = {isa = PBXBuildFile; fileRef = D351AD6129ED5EC9009AE384 /* UsersService.swift */; };
		D351AD6629ED623A009AE384 /* FetchUsers.swift in Sources */ = {isa = PBXBuildFile; fileRef = D351AD6529ED623A009AE384 /* FetchUsers.swift */; };
		D351AD6829ED6335009AE384 /* UsersPresenter.swift in Sources */ = {isa = PBXBuildFile; fileRef = D351AD6729ED6335009AE384 /* UsersPresenter.swift */; };
		D351AD6A29ED64F1009AE384 /* UsersAssembly.swift in Sources */ = {isa = PBXBuildFile; fileRef = D351AD6929ED64F1009AE384 /* UsersAssembly.swift */; };
		D351AD6D29ED6889009AE384 /* UsersTableViewCell.swift in Sources */ = {isa = PBXBuildFile; fileRef = D351AD6C29ED6889009AE384 /* UsersTableViewCell.swift */; };
		D3CC5A4929ED770900C83A95 /* ViewData.swift in Sources */ = {isa = PBXBuildFile; fileRef = D3CC5A4829ED770900C83A95 /* ViewData.swift */; };
		D3CC5A4C29ED813100C83A95 /* Extensions.swift in Sources */ = {isa = PBXBuildFile; fileRef = D3CC5A4B29ED813100C83A95 /* Extensions.swift */; };
		E3B1829B6F3690E6660C87FA /* Pods_RestAPITask.framework in Frameworks */ = {isa = PBXBuildFile; fileRef = 6CDE00201F1B899853D485F5 /* Pods_RestAPITask.framework */; };
/* End PBXBuildFile section */

/* Begin PBXFileReference section */
		16AF8F36693BF85F41946E0D /* Pods-RestAPITask.debug.xcconfig */ = {isa = PBXFileReference; includeInIndex = 1; lastKnownFileType = text.xcconfig; name = "Pods-RestAPITask.debug.xcconfig"; path = "Target Support Files/Pods-RestAPITask/Pods-RestAPITask.debug.xcconfig"; sourceTree = "<group>"; };
		6CDE00201F1B899853D485F5 /* Pods_RestAPITask.framework */ = {isa = PBXFileReference; explicitFileType = wrapper.framework; includeInIndex = 0; path = Pods_RestAPITask.framework; sourceTree = BUILT_PRODUCTS_DIR; };
		D351AD3629ED4266009AE384 /* RestAPITask.app */ = {isa = PBXFileReference; explicitFileType = wrapper.application; includeInIndex = 0; path = RestAPITask.app; sourceTree = BUILT_PRODUCTS_DIR; };
		D351AD3929ED4266009AE384 /* AppDelegate.swift */ = {isa = PBXFileReference; lastKnownFileType = sourcecode.swift; path = AppDelegate.swift; sourceTree = "<group>"; };
		D351AD3B29ED4266009AE384 /* SceneDelegate.swift */ = {isa = PBXFileReference; lastKnownFileType = sourcecode.swift; path = SceneDelegate.swift; sourceTree = "<group>"; };
		D351AD4229ED4267009AE384 /* Assets.xcassets */ = {isa = PBXFileReference; lastKnownFileType = folder.assetcatalog; path = Assets.xcassets; sourceTree = "<group>"; };
		D351AD4529ED4267009AE384 /* Base */ = {isa = PBXFileReference; lastKnownFileType = file.storyboard; name = Base; path = Base.lproj/LaunchScreen.storyboard; sourceTree = "<group>"; };
		D351AD4729ED4267009AE384 /* Info.plist */ = {isa = PBXFileReference; lastKnownFileType = text.plist.xml; path = Info.plist; sourceTree = "<group>"; };
		D351AD5129ED4D58009AE384 /* Localizable.strings */ = {isa = PBXFileReference; lastKnownFileType = text.plist.strings; path = Localizable.strings; sourceTree = "<group>"; };
		D351AD5329ED4E17009AE384 /* R.generated.swift */ = {isa = PBXFileReference; fileEncoding = 4; lastKnownFileType = sourcecode.swift; path = R.generated.swift; sourceTree = "<group>"; };
		D351AD5629ED4EAB009AE384 /* UsersViewController.swift */ = {isa = PBXFileReference; lastKnownFileType = sourcecode.swift; path = UsersViewController.swift; sourceTree = "<group>"; };
		D351AD5829ED4EBD009AE384 /* UsersUIView.swift */ = {isa = PBXFileReference; lastKnownFileType = sourcecode.swift; path = UsersUIView.swift; sourceTree = "<group>"; };
		D351AD5A29ED574D009AE384 /* APIManager.swift */ = {isa = PBXFileReference; lastKnownFileType = sourcecode.swift; path = APIManager.swift; sourceTree = "<group>"; };
		D351AD5E29ED5997009AE384 /* CustomError.swift */ = {isa = PBXFileReference; lastKnownFileType = sourcecode.swift; path = CustomError.swift; sourceTree = "<group>"; };
		D351AD6129ED5EC9009AE384 /* UsersService.swift */ = {isa = PBXFileReference; lastKnownFileType = sourcecode.swift; path = UsersService.swift; sourceTree = "<group>"; };
		D351AD6529ED623A009AE384 /* FetchUsers.swift */ = {isa = PBXFileReference; lastKnownFileType = sourcecode.swift; path = FetchUsers.swift; sourceTree = "<group>"; };
		D351AD6729ED6335009AE384 /* UsersPresenter.swift */ = {isa = PBXFileReference; lastKnownFileType = sourcecode.swift; path = UsersPresenter.swift; sourceTree = "<group>"; };
		D351AD6929ED64F1009AE384 /* UsersAssembly.swift */ = {isa = PBXFileReference; lastKnownFileType = sourcecode.swift; path = UsersAssembly.swift; sourceTree = "<group>"; };
		D351AD6C29ED6889009AE384 /* UsersTableViewCell.swift */ = {isa = PBXFileReference; lastKnownFileType = sourcecode.swift; path = UsersTableViewCell.swift; sourceTree = "<group>"; };
		D3CC5A4829ED770900C83A95 /* ViewData.swift */ = {isa = PBXFileReference; lastKnownFileType = sourcecode.swift; path = ViewData.swift; sourceTree = "<group>"; };
		D3CC5A4B29ED813100C83A95 /* Extensions.swift */ = {isa = PBXFileReference; lastKnownFileType = sourcecode.swift; path = Extensions.swift; sourceTree = "<group>"; };
		D76FBF7B91B996385C417D36 /* Pods-RestAPITask.release.xcconfig */ = {isa = PBXFileReference; includeInIndex = 1; lastKnownFileType = text.xcconfig; name = "Pods-RestAPITask.release.xcconfig"; path = "Target Support Files/Pods-RestAPITask/Pods-RestAPITask.release.xcconfig"; sourceTree = "<group>"; };
/* End PBXFileReference section */

/* Begin PBXFrameworksBuildPhase section */
		D351AD3329ED4266009AE384 /* Frameworks */ = {
			isa = PBXFrameworksBuildPhase;
			buildActionMask = 2147483647;
			files = (
				E3B1829B6F3690E6660C87FA /* Pods_RestAPITask.framework in Frameworks */,
			);
			runOnlyForDeploymentPostprocessing = 0;
		};
/* End PBXFrameworksBuildPhase section */

/* Begin PBXGroup section */
		53C5D24AABFE863D2AFA106D /* Pods */ = {
			isa = PBXGroup;
			children = (
				16AF8F36693BF85F41946E0D /* Pods-RestAPITask.debug.xcconfig */,
				D76FBF7B91B996385C417D36 /* Pods-RestAPITask.release.xcconfig */,
			);
			path = Pods;
			sourceTree = "<group>";
		};
		9EB8ACF38459B498B8763AB0 /* Frameworks */ = {
			isa = PBXGroup;
			children = (
				6CDE00201F1B899853D485F5 /* Pods_RestAPITask.framework */,
			);
			name = Frameworks;
			sourceTree = "<group>";
		};
		D351AD2D29ED4266009AE384 = {
			isa = PBXGroup;
			children = (
				D351AD3829ED4266009AE384 /* RestAPITask */,
				D351AD3729ED4266009AE384 /* Products */,
				53C5D24AABFE863D2AFA106D /* Pods */,
				9EB8ACF38459B498B8763AB0 /* Frameworks */,
			);
			sourceTree = "<group>";
		};
		D351AD3729ED4266009AE384 /* Products */ = {
			isa = PBXGroup;
			children = (
				D351AD3629ED4266009AE384 /* RestAPITask.app */,
			);
			name = Products;
			sourceTree = "<group>";
		};
		D351AD3829ED4266009AE384 /* RestAPITask */ = {
			isa = PBXGroup;
			children = (
				D351AD4D29ED4B1B009AE384 /* Common */,
				D351AD5529ED4E6E009AE384 /* Users */,
			);
			path = RestAPITask;
			sourceTree = "<group>";
		};
		D351AD4D29ED4B1B009AE384 /* Common */ = {
			isa = PBXGroup;
			children = (
				D351AD3929ED4266009AE384 /* AppDelegate.swift */,
				D351AD3B29ED4266009AE384 /* SceneDelegate.swift */,
				D351AD4429ED4267009AE384 /* LaunchScreen.storyboard */,
				D351AD4729ED4267009AE384 /* Info.plist */,
				D3CC5A4A29ED811000C83A95 /* Utils */,
				D351AD6029ED59A1009AE384 /* Network */,
				D351AD4E29ED4B28009AE384 /* Resources */,
			);
			path = Common;
			sourceTree = "<group>";
		};
		D351AD4E29ED4B28009AE384 /* Resources */ = {
			isa = PBXGroup;
			children = (
				D351AD4229ED4267009AE384 /* Assets.xcassets */,
				D351AD5129ED4D58009AE384 /* Localizable.strings */,
				D351AD5329ED4E17009AE384 /* R.generated.swift */,
			);
			path = Resources;
			sourceTree = "<group>";
		};
		D351AD5529ED4E6E009AE384 /* Users */ = {
			isa = PBXGroup;
			children = (
				D351AD6429ED5F25009AE384 /* Services */,
				D351AD6329ED5F16009AE384 /* Domain */,
				D351AD6B29ED66D0009AE384 /* Cell */,
				D351AD5629ED4EAB009AE384 /* UsersViewController.swift */,
				D351AD5829ED4EBD009AE384 /* UsersUIView.swift */,
				D351AD6729ED6335009AE384 /* UsersPresenter.swift */,
				D351AD6929ED64F1009AE384 /* UsersAssembly.swift */,
			);
			path = Users;
			sourceTree = "<group>";
		};
		D351AD6029ED59A1009AE384 /* Network */ = {
			isa = PBXGroup;
			children = (
				D351AD5A29ED574D009AE384 /* APIManager.swift */,
				D351AD5E29ED5997009AE384 /* CustomError.swift */,
			);
			path = Network;
			sourceTree = "<group>";
		};
		D351AD6329ED5F16009AE384 /* Domain */ = {
			isa = PBXGroup;
			children = (
				D351AD6529ED623A009AE384 /* FetchUsers.swift */,
				D3CC5A4829ED770900C83A95 /* ViewData.swift */,
			);
			path = Domain;
			sourceTree = "<group>";
		};
		D351AD6429ED5F25009AE384 /* Services */ = {
			isa = PBXGroup;
			children = (
				D351AD6129ED5EC9009AE384 /* UsersService.swift */,
			);
			path = Services;
			sourceTree = "<group>";
		};
		D351AD6B29ED66D0009AE384 /* Cell */ = {
			isa = PBXGroup;
			children = (
				D351AD6C29ED6889009AE384 /* UsersTableViewCell.swift */,
			);
			path = Cell;
			sourceTree = "<group>";
		};
		D3CC5A4A29ED811000C83A95 /* Utils */ = {
			isa = PBXGroup;
			children = (
				D3CC5A4B29ED813100C83A95 /* Extensions.swift */,
			);
			path = Utils;
			sourceTree = "<group>";
		};
/* End PBXGroup section */

/* Begin PBXNativeTarget section */
		D351AD3529ED4266009AE384 /* RestAPITask */ = {
			isa = PBXNativeTarget;
			buildConfigurationList = D351AD4A29ED4267009AE384 /* Build configuration list for PBXNativeTarget "RestAPITask" */;
			buildPhases = (
				8AD427B329E8F486338FCC38 /* [CP] Check Pods Manifest.lock */,
				D351AD5029ED4C16009AE384 /* R.swift script */,
				D351AD3229ED4266009AE384 /* Sources */,
				D351AD3329ED4266009AE384 /* Frameworks */,
				D351AD3429ED4266009AE384 /* Resources */,
				85E3925065822270A0FEAF0F /* [CP] Embed Pods Frameworks */,
			);
			buildRules = (
			);
			dependencies = (
			);
			name = RestAPITask;
			productName = RestAPITask;
			productReference = D351AD3629ED4266009AE384 /* RestAPITask.app */;
			productType = "com.apple.product-type.application";
		};
/* End PBXNativeTarget section */

/* Begin PBXProject section */
		D351AD2E29ED4266009AE384 /* Project object */ = {
			isa = PBXProject;
			attributes = {
				BuildIndependentTargetsInParallel = 1;
				LastSwiftUpdateCheck = 1430;
				LastUpgradeCheck = 1430;
				TargetAttributes = {
					D351AD3529ED4266009AE384 = {
						CreatedOnToolsVersion = 14.3;
					};
				};
			};
			buildConfigurationList = D351AD3129ED4266009AE384 /* Build configuration list for PBXProject "RestAPITask" */;
			compatibilityVersion = "Xcode 14.0";
			developmentRegion = en;
			hasScannedForEncodings = 0;
			knownRegions = (
				en,
				Base,
			);
			mainGroup = D351AD2D29ED4266009AE384;
			productRefGroup = D351AD3729ED4266009AE384 /* Products */;
			projectDirPath = "";
			projectRoot = "";
			targets = (
				D351AD3529ED4266009AE384 /* RestAPITask */,
			);
		};
/* End PBXProject section */

/* Begin PBXResourcesBuildPhase section */
		D351AD3429ED4266009AE384 /* Resources */ = {
			isa = PBXResourcesBuildPhase;
			buildActionMask = 2147483647;
			files = (
				D351AD4629ED4267009AE384 /* LaunchScreen.storyboard in Resources */,
				D351AD5229ED4D58009AE384 /* Localizable.strings in Resources */,
				D351AD4329ED4267009AE384 /* Assets.xcassets in Resources */,
			);
			runOnlyForDeploymentPostprocessing = 0;
		};
/* End PBXResourcesBuildPhase section */

/* Begin PBXShellScriptBuildPhase section */
		85E3925065822270A0FEAF0F /* [CP] Embed Pods Frameworks */ = {
			isa = PBXShellScriptBuildPhase;
			buildActionMask = 2147483647;
			files = (
			);
			inputFileListPaths = (
				"${PODS_ROOT}/Target Support Files/Pods-RestAPITask/Pods-RestAPITask-frameworks-${CONFIGURATION}-input-files.xcfilelist",
			);
			name = "[CP] Embed Pods Frameworks";
			outputFileListPaths = (
				"${PODS_ROOT}/Target Support Files/Pods-RestAPITask/Pods-RestAPITask-frameworks-${CONFIGURATION}-output-files.xcfilelist",
			);
			runOnlyForDeploymentPostprocessing = 0;
			shellPath = /bin/sh;
			shellScript = "\"${PODS_ROOT}/Target Support Files/Pods-RestAPITask/Pods-RestAPITask-frameworks.sh\"\n";
			showEnvVarsInLog = 0;
		};
		8AD427B329E8F486338FCC38 /* [CP] Check Pods Manifest.lock */ = {
			isa = PBXShellScriptBuildPhase;
			buildActionMask = 2147483647;
			files = (
			);
			inputFileListPaths = (
			);
			inputPaths = (
				"${PODS_PODFILE_DIR_PATH}/Podfile.lock",
				"${PODS_ROOT}/Manifest.lock",
			);
			name = "[CP] Check Pods Manifest.lock";
			outputFileListPaths = (
			);
			outputPaths = (
				"$(DERIVED_FILE_DIR)/Pods-RestAPITask-checkManifestLockResult.txt",
			);
			runOnlyForDeploymentPostprocessing = 0;
			shellPath = /bin/sh;
			shellScript = "diff \"${PODS_PODFILE_DIR_PATH}/Podfile.lock\" \"${PODS_ROOT}/Manifest.lock\" > /dev/null\nif [ $? != 0 ] ; then\n    # print error to STDERR\n    echo \"error: The sandbox is not in sync with the Podfile.lock. Run 'pod install' or update your CocoaPods installation.\" >&2\n    exit 1\nfi\n# This output is used by Xcode 'outputs' to avoid re-running this script phase.\necho \"SUCCESS\" > \"${SCRIPT_OUTPUT_FILE_0}\"\n";
			showEnvVarsInLog = 0;
		};
		D351AD5029ED4C16009AE384 /* R.swift script */ = {
			isa = PBXShellScriptBuildPhase;
			alwaysOutOfDate = 1;
			buildActionMask = 2147483647;
			files = (
			);
			inputFileListPaths = (
			);
			inputPaths = (
			);
			name = "R.swift script";
			outputFileListPaths = (
			);
			outputPaths = (
				$SRCROOT/RestAPITask/Common/Resources/R.generated.swift,
			);
			runOnlyForDeploymentPostprocessing = 0;
			shellPath = /bin/sh;
			shellScript = "# Type a script or drag a script file from your workspace to insert its path.\n\"$PODS_ROOT/R.swift/rswift\" generate \"$SRCROOT/RestAPITask/Common/Resources/R.generated.swift\"\n";
		};
/* End PBXShellScriptBuildPhase section */

/* Begin PBXSourcesBuildPhase section */
		D351AD3229ED4266009AE384 /* Sources */ = {
			isa = PBXSourcesBuildPhase;
			buildActionMask = 2147483647;
			files = (
				D3CC5A4929ED770900C83A95 /* ViewData.swift in Sources */,
				D351AD5B29ED574D009AE384 /* APIManager.swift in Sources */,
				D351AD5F29ED5997009AE384 /* CustomError.swift in Sources */,
				D351AD6829ED6335009AE384 /* UsersPresenter.swift in Sources */,
				D351AD6D29ED6889009AE384 /* UsersTableViewCell.swift in Sources */,
				D351AD3A29ED4266009AE384 /* AppDelegate.swift in Sources */,
				D351AD6A29ED64F1009AE384 /* UsersAssembly.swift in Sources */,
				D351AD6229ED5EC9009AE384 /* UsersService.swift in Sources */,
				D351AD5729ED4EAB009AE384 /* UsersViewController.swift in Sources */,
				D351AD5929ED4EBD009AE384 /* UsersUIView.swift in Sources */,
				D351AD3C29ED4266009AE384 /* SceneDelegate.swift in Sources */,
				D351AD6629ED623A009AE384 /* FetchUsers.swift in Sources */,
				D351AD5429ED4E17009AE384 /* R.generated.swift in Sources */,
				D3CC5A4C29ED813100C83A95 /* Extensions.swift in Sources */,
			);
			runOnlyForDeploymentPostprocessing = 0;
		};
/* End PBXSourcesBuildPhase section */

/* Begin PBXVariantGroup section */
		D351AD4429ED4267009AE384 /* LaunchScreen.storyboard */ = {
			isa = PBXVariantGroup;
			children = (
				D351AD4529ED4267009AE384 /* Base */,
			);
			name = LaunchScreen.storyboard;
			sourceTree = "<group>";
		};
/* End PBXVariantGroup section */

/* Begin XCBuildConfiguration section */
		D351AD4829ED4267009AE384 /* Debug */ = {
			isa = XCBuildConfiguration;
			buildSettings = {
				ALWAYS_SEARCH_USER_PATHS = NO;
				CLANG_ANALYZER_NONNULL = YES;
				CLANG_ANALYZER_NUMBER_OBJECT_CONVERSION = YES_AGGRESSIVE;
				CLANG_CXX_LANGUAGE_STANDARD = "gnu++20";
				CLANG_ENABLE_MODULES = YES;
				CLANG_ENABLE_OBJC_ARC = YES;
				CLANG_ENABLE_OBJC_WEAK = YES;
				CLANG_WARN_BLOCK_CAPTURE_AUTORELEASING = YES;
				CLANG_WARN_BOOL_CONVERSION = YES;
				CLANG_WARN_COMMA = YES;
				CLANG_WARN_CONSTANT_CONVERSION = YES;
				CLANG_WARN_DEPRECATED_OBJC_IMPLEMENTATIONS = YES;
				CLANG_WARN_DIRECT_OBJC_ISA_USAGE = YES_ERROR;
				CLANG_WARN_DOCUMENTATION_COMMENTS = YES;
				CLANG_WARN_EMPTY_BODY = YES;
				CLANG_WARN_ENUM_CONVERSION = YES;
				CLANG_WARN_INFINITE_RECURSION = YES;
				CLANG_WARN_INT_CONVERSION = YES;
				CLANG_WARN_NON_LITERAL_NULL_CONVERSION = YES;
				CLANG_WARN_OBJC_IMPLICIT_RETAIN_SELF = YES;
				CLANG_WARN_OBJC_LITERAL_CONVERSION = YES;
				CLANG_WARN_OBJC_ROOT_CLASS = YES_ERROR;
				CLANG_WARN_QUOTED_INCLUDE_IN_FRAMEWORK_HEADER = YES;
				CLANG_WARN_RANGE_LOOP_ANALYSIS = YES;
				CLANG_WARN_STRICT_PROTOTYPES = YES;
				CLANG_WARN_SUSPICIOUS_MOVE = YES;
				CLANG_WARN_UNGUARDED_AVAILABILITY = YES_AGGRESSIVE;
				CLANG_WARN_UNREACHABLE_CODE = YES;
				CLANG_WARN__DUPLICATE_METHOD_MATCH = YES;
				COPY_PHASE_STRIP = NO;
				DEBUG_INFORMATION_FORMAT = dwarf;
				ENABLE_STRICT_OBJC_MSGSEND = YES;
				ENABLE_TESTABILITY = YES;
				GCC_C_LANGUAGE_STANDARD = gnu11;
				GCC_DYNAMIC_NO_PIC = NO;
				GCC_NO_COMMON_BLOCKS = YES;
				GCC_OPTIMIZATION_LEVEL = 0;
				GCC_PREPROCESSOR_DEFINITIONS = (
					"DEBUG=1",
					"$(inherited)",
				);
				GCC_WARN_64_TO_32_BIT_CONVERSION = YES;
				GCC_WARN_ABOUT_RETURN_TYPE = YES_ERROR;
				GCC_WARN_UNDECLARED_SELECTOR = YES;
				GCC_WARN_UNINITIALIZED_AUTOS = YES_AGGRESSIVE;
				GCC_WARN_UNUSED_FUNCTION = YES;
				GCC_WARN_UNUSED_VARIABLE = YES;
				IPHONEOS_DEPLOYMENT_TARGET = 16.4;
				MTL_ENABLE_DEBUG_INFO = INCLUDE_SOURCE;
				MTL_FAST_MATH = YES;
				ONLY_ACTIVE_ARCH = YES;
				SDKROOT = iphoneos;
				SWIFT_ACTIVE_COMPILATION_CONDITIONS = DEBUG;
				SWIFT_OPTIMIZATION_LEVEL = "-Onone";
			};
			name = Debug;
		};
		D351AD4929ED4267009AE384 /* Release */ = {
			isa = XCBuildConfiguration;
			buildSettings = {
				ALWAYS_SEARCH_USER_PATHS = NO;
				CLANG_ANALYZER_NONNULL = YES;
				CLANG_ANALYZER_NUMBER_OBJECT_CONVERSION = YES_AGGRESSIVE;
				CLANG_CXX_LANGUAGE_STANDARD = "gnu++20";
				CLANG_ENABLE_MODULES = YES;
				CLANG_ENABLE_OBJC_ARC = YES;
				CLANG_ENABLE_OBJC_WEAK = YES;
				CLANG_WARN_BLOCK_CAPTURE_AUTORELEASING = YES;
				CLANG_WARN_BOOL_CONVERSION = YES;
				CLANG_WARN_COMMA = YES;
				CLANG_WARN_CONSTANT_CONVERSION = YES;
				CLANG_WARN_DEPRECATED_OBJC_IMPLEMENTATIONS = YES;
				CLANG_WARN_DIRECT_OBJC_ISA_USAGE = YES_ERROR;
				CLANG_WARN_DOCUMENTATION_COMMENTS = YES;
				CLANG_WARN_EMPTY_BODY = YES;
				CLANG_WARN_ENUM_CONVERSION = YES;
				CLANG_WARN_INFINITE_RECURSION = YES;
				CLANG_WARN_INT_CONVERSION = YES;
				CLANG_WARN_NON_LITERAL_NULL_CONVERSION = YES;
				CLANG_WARN_OBJC_IMPLICIT_RETAIN_SELF = YES;
				CLANG_WARN_OBJC_LITERAL_CONVERSION = YES;
				CLANG_WARN_OBJC_ROOT_CLASS = YES_ERROR;
				CLANG_WARN_QUOTED_INCLUDE_IN_FRAMEWORK_HEADER = YES;
				CLANG_WARN_RANGE_LOOP_ANALYSIS = YES;
				CLANG_WARN_STRICT_PROTOTYPES = YES;
				CLANG_WARN_SUSPICIOUS_MOVE = YES;
				CLANG_WARN_UNGUARDED_AVAILABILITY = YES_AGGRESSIVE;
				CLANG_WARN_UNREACHABLE_CODE = YES;
				CLANG_WARN__DUPLICATE_METHOD_MATCH = YES;
				COPY_PHASE_STRIP = NO;
				DEBUG_INFORMATION_FORMAT = "dwarf-with-dsym";
				ENABLE_NS_ASSERTIONS = NO;
				ENABLE_STRICT_OBJC_MSGSEND = YES;
				GCC_C_LANGUAGE_STANDARD = gnu11;
				GCC_NO_COMMON_BLOCKS = YES;
				GCC_WARN_64_TO_32_BIT_CONVERSION = YES;
				GCC_WARN_ABOUT_RETURN_TYPE = YES_ERROR;
				GCC_WARN_UNDECLARED_SELECTOR = YES;
				GCC_WARN_UNINITIALIZED_AUTOS = YES_AGGRESSIVE;
				GCC_WARN_UNUSED_FUNCTION = YES;
				GCC_WARN_UNUSED_VARIABLE = YES;
				IPHONEOS_DEPLOYMENT_TARGET = 16.4;
				MTL_ENABLE_DEBUG_INFO = NO;
				MTL_FAST_MATH = YES;
				SDKROOT = iphoneos;
				SWIFT_COMPILATION_MODE = wholemodule;
				SWIFT_OPTIMIZATION_LEVEL = "-O";
				VALIDATE_PRODUCT = YES;
			};
			name = Release;
		};
		D351AD4B29ED4267009AE384 /* Debug */ = {
			isa = XCBuildConfiguration;
			baseConfigurationReference = 16AF8F36693BF85F41946E0D /* Pods-RestAPITask.debug.xcconfig */;
			buildSettings = {
				ASSETCATALOG_COMPILER_APPICON_NAME = AppIcon;
				ASSETCATALOG_COMPILER_GLOBAL_ACCENT_COLOR_NAME = AccentColor;
				CODE_SIGN_STYLE = Automatic;
				CURRENT_PROJECT_VERSION = 1;
				DEVELOPMENT_TEAM = 95X368593A;
				GENERATE_INFOPLIST_FILE = YES;
				INFOPLIST_FILE = RestAPITask/Common/Info.plist;
				INFOPLIST_KEY_UIApplicationSupportsIndirectInputEvents = YES;
				INFOPLIST_KEY_UILaunchStoryboardName = LaunchScreen;
				INFOPLIST_KEY_UISupportedInterfaceOrientations_iPad = "UIInterfaceOrientationPortrait UIInterfaceOrientationPortraitUpsideDown UIInterfaceOrientationLandscapeLeft UIInterfaceOrientationLandscapeRight";
				INFOPLIST_KEY_UISupportedInterfaceOrientations_iPhone = "UIInterfaceOrientationPortrait UIInterfaceOrientationLandscapeLeft UIInterfaceOrientationLandscapeRight";
				IPHONEOS_DEPLOYMENT_TARGET = 14.0;
				LD_RUNPATH_SEARCH_PATHS = (
					"$(inherited)",
					"@executable_path/Frameworks",
				);
				MARKETING_VERSION = 1.0;
				PRODUCT_BUNDLE_IDENTIFIER = com.test.RestAPITask;
				PRODUCT_NAME = "$(TARGET_NAME)";
				SWIFT_EMIT_LOC_STRINGS = YES;
				SWIFT_VERSION = 5.0;
				TARGETED_DEVICE_FAMILY = "1,2";
			};
			name = Debug;
		};
		D351AD4C29ED4267009AE384 /* Release */ = {
			isa = XCBuildConfiguration;
			baseConfigurationReference = D76FBF7B91B996385C417D36 /* Pods-RestAPITask.release.xcconfig */;
			buildSettings = {
				ASSETCATALOG_COMPILER_APPICON_NAME = AppIcon;
				ASSETCATALOG_COMPILER_GLOBAL_ACCENT_COLOR_NAME = AccentColor;
				CODE_SIGN_STYLE = Automatic;
				CURRENT_PROJECT_VERSION = 1;
				DEVELOPMENT_TEAM = 95X368593A;
				GENERATE_INFOPLIST_FILE = YES;
				INFOPLIST_FILE = RestAPITask/Common/Info.plist;
				INFOPLIST_KEY_UIApplicationSupportsIndirectInputEvents = YES;
				INFOPLIST_KEY_UILaunchStoryboardName = LaunchScreen;
				INFOPLIST_KEY_UISupportedInterfaceOrientations_iPad = "UIInterfaceOrientationPortrait UIInterfaceOrientationPortraitUpsideDown UIInterfaceOrientationLandscapeLeft UIInterfaceOrientationLandscapeRight";
				INFOPLIST_KEY_UISupportedInterfaceOrientations_iPhone = "UIInterfaceOrientationPortrait UIInterfaceOrientationLandscapeLeft UIInterfaceOrientationLandscapeRight";
				IPHONEOS_DEPLOYMENT_TARGET = 14.0;
				LD_RUNPATH_SEARCH_PATHS = (
					"$(inherited)",
					"@executable_path/Frameworks",
				);
				MARKETING_VERSION = 1.0;
				PRODUCT_BUNDLE_IDENTIFIER = com.test.RestAPITask;
				PRODUCT_NAME = "$(TARGET_NAME)";
				SWIFT_EMIT_LOC_STRINGS = YES;
				SWIFT_VERSION = 5.0;
				TARGETED_DEVICE_FAMILY = "1,2";
			};
			name = Release;
		};
/* End XCBuildConfiguration section */

/* Begin XCConfigurationList section */
		D351AD3129ED4266009AE384 /* Build configuration list for PBXProject "RestAPITask" */ = {
			isa = XCConfigurationList;
			buildConfigurations = (
				D351AD4829ED4267009AE384 /* Debug */,
				D351AD4929ED4267009AE384 /* Release */,
			);
			defaultConfigurationIsVisible = 0;
			defaultConfigurationName = Release;
		};
		D351AD4A29ED4267009AE384 /* Build configuration list for PBXNativeTarget "RestAPITask" */ = {
			isa = XCConfigurationList;
			buildConfigurations = (
				D351AD4B29ED4267009AE384 /* Debug */,
				D351AD4C29ED4267009AE384 /* Release */,
			);
			defaultConfigurationIsVisible = 0;
			defaultConfigurationName = Release;
		};
/* End XCConfigurationList section */
	};
	rootObject = D351AD2E29ED4266009AE384 /* Project object */;
}
